{
  "projects": [
    {
      "projectId": "28Ba3BDvRe7EiWdfFNnLB6",
      "version": "2.21.0",
      "dependencies": {},
      "lang": "js",
      "fileLocks": [
        {
          "assetId": "28Ba3BDvRe7EiWdfFNnLB6",
          "type": "projectCss",
          "checksum": "e1ec850476829c38b0f9b6d4f7ac446a"
        }
      ],
      "codegenVersion": "0.0.1"
    },
    {
      "projectId": "d6ErvozvBGFxYbXbEWuKWB",
      "version": "latest",
      "dependencies": {
        "28Ba3BDvRe7EiWdfFNnLB6": "2.21.0"
      },
      "lang": "js",
      "fileLocks": [
        {
          "type": "globalVariant",
          "assetId": "YNc23PHj_ZdNB",
          "checksum": "1ee07cc6f236e116c3cae0ab5f50d913"
        },
        {
          "assetId": "d6ErvozvBGFxYbXbEWuKWB",
          "type": "projectCss",
          "checksum": "d825dd44512a439d23700c9f76ada66f"
        },
        {
          "type": "renderModule",
          "assetId": "3JPIyJ-0oyoEB",
          "checksum": "7b6b64c352b2a1f4e87493cc52d92db6"
        },
        {
          "type": "cssRules",
          "assetId": "3JPIyJ-0oyoEB",
          "checksum": "7b6b64c352b2a1f4e87493cc52d92db6"
        },
        {
          "type": "icon",
          "assetId": "sKXsys3JSuAGA",
          "checksum": "729bc710afc91695582322d012df5d2e"
        },
        {
          "type": "icon",
          "assetId": "RdP0eIBAv8qBd",
          "checksum": "f832bc09cd71d8bcb7df2d81ede4eace"
        },
        {
          "type": "icon",
          "assetId": "H80v2uuRwulXN",
          "checksum": "5a0980081168dfeca72bfd79b06786b5"
        },
        {
          "type": "icon",
          "assetId": "YkVcbedfUq5X1",
          "checksum": "c2cc54fca9d4bf0c1e9770fc4da8ca69"
        },
        {
          "type": "image",
          "assetId": "e84xEOK1_aCuh",
          "checksum": "9855431b0d9267bbc39e19211498d0df"
        },
        {
          "type": "image",
          "assetId": "wrZzaxunvXZyO",
          "checksum": "41cdbaa1a6ab9e195c18421e726f487a"
        },
        {
          "type": "image",
          "assetId": "EyMM4bKZvY6XM",
          "checksum": "1baeee07d0ac36bb8e5bff41f33d5033"
        },
        {
          "type": "image",
          "assetId": "ei6ppi-9f4Qlq",
          "checksum": "d230caa604a1f733add2295f6fa16fa7"
        },
        {
          "type": "image",
          "assetId": "JmWpdyezNEOpP",
          "checksum": "f43f62cb91fd75ec8ef2b7861e0211f2"
        },
        {
          "type": "image",
          "assetId": "mOVewVkZj37xN",
          "checksum": "8c05b935a233bbcd83676bf02b348699"
        },
        {
          "type": "image",
          "assetId": "drPvNyb7rtFn5",
          "checksum": "fbc238f9b91658349bd1344a1cf3d410"
        },
        {
          "type": "image",
          "assetId": "bvHvfEVtG94c5",
          "checksum": "d6d09d0e2f7c1a7dc0e919f912724744"
        },
        {
          "type": "image",
          "assetId": "fh6y4jJ0cLZdX",
          "checksum": "90733eb3ae93e9de1d38baa5d51b98f1"
        },
        {
          "type": "image",
          "assetId": "WaCWSY8bLExpE",
          "checksum": "6a92b2f829e0c95b57187f25afde50a2"
        },
        {
          "type": "image",
          "assetId": "amHraNZ5s7psQ",
          "checksum": "4d75af80dbd02643ad4d4eea7461d2a9"
        },
        {
          "type": "image",
          "assetId": "UBRlMMRZTV4EO",
          "checksum": "d1407cfe0d0afbd84d67219ecb2c6fee"
        },
        {
          "type": "image",
          "assetId": "WfCs-sNKJvIKx",
          "checksum": "c16dfb62e849a383fa907c399932b38f"
        },
        {
          "type": "image",
          "assetId": "kZSxc4GXgPXqy",
          "checksum": "7e1f446b96c5d29392ab36bc0dfe7f15"
        },
        {
          "type": "image",
          "assetId": "b1Ev1fca_yGWE",
          "checksum": "adb940c60724848485d70e4229b14038"
        },
        {
          "type": "image",
          "assetId": "JUYa7P3Uq4E13",
          "checksum": "a920f56dc20f74b7a8da80b5ab73b810"
        },
        {
          "type": "image",
          "assetId": "l8-HktTzdPGl_",
          "checksum": "90f62efdf002208564dc27dd1623ded2"
        },
        {
          "type": "image",
          "assetId": "07pYlDDDyFRtW",
          "checksum": "90a60844391266254861b284533bb477"
        },
        {
          "type": "image",
          "assetId": "SLuYYx-YSul8M",
          "checksum": "b0ea9aa50cb1cd1bb7458a77f098ea28"
        },
        {
          "type": "image",
          "assetId": "jHdx6ukms5sSM",
          "checksum": "ca6f979e9b91565cda74806072f57dbf"
        },
        {
          "type": "image",
          "assetId": "INRRXY1CX6TDP",
          "checksum": "80c900f9a8e09ccaa5efd12d4dcf4dbc"
        },
        {
          "type": "image",
          "assetId": "hhJ9KIxxDkLsj",
          "checksum": "d753a4539e6bfa4b7db7301c9191c9cf"
        },
        {
          "type": "image",
          "assetId": "1seXkv0MCKD5X",
          "checksum": "c74a70fa8a50f33b2cdb30bb25b00ce3"
        },
        {
          "type": "image",
          "assetId": "f7gTJ6CjupFaV",
          "checksum": "91d94324ef265e1dad454fe358d88b6e"
        },
        {
          "type": "image",
          "assetId": "hDAe-aFlnvMbX",
          "checksum": "1e8742d6387f7c1cfbe32567ec20a3e6"
        },
        {
          "type": "image",
          "assetId": "ZDIzZqhOLb-1c",
          "checksum": "5fd5af63a2b7cdff6761ad2c3c031ad4"
        },
        {
          "type": "image",
          "assetId": "3IPDu3P4EIRdL",
          "checksum": "68633df3b1340c3a34fcbdd0699525a9"
        },
        {
          "type": "image",
          "assetId": "IT-3S6zTNqgvO",
          "checksum": "6ca7389d51209c9eeca465307cbb848a"
        },
        {
          "type": "image",
          "assetId": "yyJFV8xXNuguZ",
          "checksum": "b51ecfd375961830d9e62877dc5649f5"
        },
        {
          "type": "image",
          "assetId": "lzFL-DRZStkzx",
          "checksum": "45c41d7b933c36d48636c4bfd65c6c83"
        },
        {
          "type": "image",
          "assetId": "kav67aURHM",
          "checksum": "a08ad2fed1af14d935f9c6fb05b9884e"
        },
        {
          "type": "image",
          "assetId": "tSGo65Fh_",
          "checksum": "093800b1f6129e0f944a94fdd9159d9b"
        },
        {
          "type": "image",
          "assetId": "JgoujLJFYB",
          "checksum": "ffea468e57d848b88d994ebb3901f661"
        },
        {
          "type": "image",
          "assetId": "dhQ1qmtxp",
          "checksum": "311c522c4414695ceca18efe21c358ed"
        },
        {
          "type": "image",
          "assetId": "DGYujMX43",
          "checksum": "788ccb72a567e12e1049d40674b902f6"
        },
        {
          "type": "image",
          "assetId": "oJX6fA0WO",
          "checksum": "f48206ca1242bdd968721f84bcbfc3e9"
        },
        {
          "type": "image",
          "assetId": "AFaYpHFLEY",
          "checksum": "e668a51d7fc54d7574b4606dae4d71b4"
        },
        {
          "type": "image",
          "assetId": "7ZSmkWRRS",
          "checksum": "40deaff2df7e50ab9b4fc84ba74da69b"
        },
        {
          "type": "image",
          "assetId": "KpqzuMbT9",
          "checksum": "3f750e81c7eb03c43d589a366fb2af62"
        },
        {
          "type": "image",
          "assetId": "8F851DN22",
          "checksum": "b4a4698d3663c6ecfd4d36afb91a2011"
        }
      ],
      "codegenVersion": "0.0.1"
    }
  ],
  "cliVersion": "0.1.284"
}
